
Microsoft Visual Studio Solution File, Format Version 12.00
# Visual Studio 15
VisualStudioVersion = 15.0.28307.1321
MinimumVisualStudioVersion = 10.0.40219.1
Project("{FAE04EC0-301F-11D3-BF4B-00C04F79EFBC}") = "AmazonSPAPI.Scheduler", "AmazonSPAPI.Scheduler\AmazonSPAPI.Scheduler.csproj", "{8CC4EF63-3F73-4920-A782-70325BB033A0}"
EndProject
Project("{FAE04EC0-301F-11D3-BF4B-00C04F79EFBC}") = "SPAPI.BLL.Core", "SPAPI.BLL.Core\SPAPI.BLL.Core.csproj", "{77E580E5-DBE4-4271-9DF8-454916A4E23F}"
EndProject
Project("{FAE04EC0-301F-11D3-BF4B-00C04F79EFBC}") = "SPAPI.DAL.Core", "SPAPI.DAL.Core\SPAPI.DAL.Core.csproj", "{15E37C70-A591-4F97-B50D-DA194BAAF2FB}"
EndProject
Project("{FAE04EC0-301F-11D3-BF4B-00C04F79EFBC}") = "AmazonSPAPISPAPI.Test", "AmazonSPAPI.Test\AmazonSPAPI.Test.csproj", "{2D498BBF-CCB3-4B27-AFB1-4FA7D6D627E4}"
EndProject
Global
	GlobalSection(SolutionConfigurationPlatforms) = preSolution
		Debug|Any CPU = Debug|Any CPU
		Release|Any CPU = Release|Any CPU
	EndGlobalSection
	GlobalSection(ProjectConfigurationPlatforms) = postSolution
		{8CC4EF63-3F73-4920-A782-70325BB033A0}.Debug|Any CPU.ActiveCfg = Debug|Any CPU
		{8CC4EF63-3F73-4920-A782-70325BB033A0}.Debug|Any CPU.Build.0 = Debug|Any CPU
		{8CC4EF63-3F73-4920-A782-70325BB033A0}.Release|Any CPU.ActiveCfg = Release|Any CPU
		{8CC4EF63-3F73-4920-A782-70325BB033A0}.Release|Any CPU.Build.0 = Release|Any CPU
		{77E580E5-DBE4-4271-9DF8-454916A4E23F}.Debug|Any CPU.ActiveCfg = Debug|Any CPU
		{77E580E5-DBE4-4271-9DF8-454916A4E23F}.Debug|Any CPU.Build.0 = Debug|Any CPU
		{77E580E5-DBE4-4271-9DF8-454916A4E23F}.Release|Any CPU.ActiveCfg = Release|Any CPU
		{77E580E5-DBE4-4271-9DF8-454916A4E23F}.Release|Any CPU.Build.0 = Release|Any CPU
		{15E37C70-A591-4F97-B50D-DA194BAAF2FB}.Debug|Any CPU.ActiveCfg = Debug|Any CPU
		{15E37C70-A591-4F97-B50D-DA194BAAF2FB}.Debug|Any CPU.Build.0 = Debug|Any CPU
		{15E37C70-A591-4F97-B50D-DA194BAAF2FB}.Release|Any CPU.ActiveCfg = Release|Any CPU
		{15E37C70-A591-4F97-B50D-DA194BAAF2FB}.Release|Any CPU.Build.0 = Release|Any CPU
		{2D498BBF-CCB3-4B27-AFB1-4FA7D6D627E4}.Debug|Any CPU.ActiveCfg = Debug|Any CPU
		{2D498BBF-CCB3-4B27-AFB1-4FA7D6D627E4}.Debug|Any CPU.Build.0 = Debug|Any CPU
		{2D498BBF-CCB3-4B27-AFB1-4FA7D6D627E4}.Release|Any CPU.ActiveCfg = Release|Any CPU
		{2D498BBF-CCB3-4B27-AFB1-4FA7D6D627E4}.Release|Any CPU.Build.0 = Release|Any CPU
	EndGlobalSection
	GlobalSection(SolutionProperties) = preSolution
		HideSolutionNode = FALSE
	EndGlobalSection
	GlobalSection(ExtensibilityGlobals) = postSolution
		SolutionGuid = {C2B63F57-BAC6-42B7-AEE0-10A38E7820AD}
	EndGlobalSection
EndGlobal
